
Microsoft Visual Studio Solution File, Format Version 12.00
# Visual Studio Version 17
VisualStudioVersion = 17.11.35327.3
MinimumVisualStudioVersion = 10.0.40219.1
Project("{9A19103F-16F7-4668-BE54-9A1E7A4F7556}") = "Entities", "Entities\Entities.csproj", "{9BEBB096-ABF0-43EE-88ED-84515070C987}"
EndProject
Project("{9A19103F-16F7-4668-BE54-9A1E7A4F7556}") = "DAL", "DAL\DAL.csproj", "{F6A89381-D6B7-4FE8-9647-E69BDEFA8D19}"
EndProject
Project("{9A19103F-16F7-4668-BE54-9A1E7A4F7556}") = "Backend", "Backend\Backend.csproj", "{9FBC6080-7496-4488-ABCA-663554E8D05D}"
EndProject
Project("{FAE04EC0-301F-11D3-BF4B-00C04F79EFBC}") = "FrontEnd", "FrontEnd\FrontEnd.csproj", "{D7D4E961-FA98-4C42-A067-D57E25513DF1}"
EndProject
Global
	GlobalSection(SolutionConfigurationPlatforms) = preSolution
		Debug|Any CPU = Debug|Any CPU
		Release|Any CPU = Release|Any CPU
	EndGlobalSection
	GlobalSection(ProjectConfigurationPlatforms) = postSolution
		{9BEBB096-ABF0-43EE-88ED-84515070C987}.Debug|Any CPU.ActiveCfg = Debug|Any CPU
		{9BEBB096-ABF0-43EE-88ED-84515070C987}.Debug|Any CPU.Build.0 = Debug|Any CPU
		{9BEBB096-ABF0-43EE-88ED-84515070C987}.Release|Any CPU.ActiveCfg = Release|Any CPU
		{9BEBB096-ABF0-43EE-88ED-84515070C987}.Release|Any CPU.Build.0 = Release|Any CPU
		{F6A89381-D6B7-4FE8-9647-E69BDEFA8D19}.Debug|Any CPU.ActiveCfg = Debug|Any CPU
		{F6A89381-D6B7-4FE8-9647-E69BDEFA8D19}.Debug|Any CPU.Build.0 = Debug|Any CPU
		{F6A89381-D6B7-4FE8-9647-E69BDEFA8D19}.Release|Any CPU.ActiveCfg = Release|Any CPU
		{F6A89381-D6B7-4FE8-9647-E69BDEFA8D19}.Release|Any CPU.Build.0 = Release|Any CPU
		{9FBC6080-7496-4488-ABCA-663554E8D05D}.Debug|Any CPU.ActiveCfg = Debug|Any CPU
		{9FBC6080-7496-4488-ABCA-663554E8D05D}.Debug|Any CPU.Build.0 = Debug|Any CPU
		{9FBC6080-7496-4488-ABCA-663554E8D05D}.Release|Any CPU.ActiveCfg = Release|Any CPU
		{9FBC6080-7496-4488-ABCA-663554E8D05D}.Release|Any CPU.Build.0 = Release|Any CPU
		{D7D4E961-FA98-4C42-A067-D57E25513DF1}.Debug|Any CPU.ActiveCfg = Debug|Any CPU
		{D7D4E961-FA98-4C42-A067-D57E25513DF1}.Debug|Any CPU.Build.0 = Debug|Any CPU
		{D7D4E961-FA98-4C42-A067-D57E25513DF1}.Release|Any CPU.ActiveCfg = Release|Any CPU
		{D7D4E961-FA98-4C42-A067-D57E25513DF1}.Release|Any CPU.Build.0 = Release|Any CPU
	EndGlobalSection
	GlobalSection(SolutionProperties) = preSolution
		HideSolutionNode = FALSE
	EndGlobalSection
	GlobalSection(ExtensibilityGlobals) = postSolution
		SolutionGuid = {5979D2AC-BF6D-4EC8-844B-26A4F147EF06}
	EndGlobalSection
EndGlobal
